
Microsoft Visual Studio Solution File, Format Version 12.00
# Visual Studio Version 17
VisualStudioVersion = 17.1.32228.430
MinimumVisualStudioVersion = 10.0.40219.1
Project("{FAE04EC0-301F-11D3-BF4B-00C04F79EFBC}") = "265.1", "265.1.csproj", "{63DAF7CD-9820-4AD6-A5B8-82230A716E48}"
EndProject
Global
	GlobalSection(SolutionConfigurationPlatforms) = preSolution
		Debug|Any CPU = Debug|Any CPU
		Release|Any CPU = Release|Any CPU
	EndGlobalSection
	GlobalSection(ProjectConfigurationPlatforms) = postSolution
		{63DAF7CD-9820-4AD6-A5B8-82230A716E48}.Debug|Any CPU.ActiveCfg = Debug|Any CPU
		{63DAF7CD-9820-4AD6-A5B8-82230A716E48}.Debug|Any CPU.Build.0 = Debug|Any CPU
		{63DAF7CD-9820-4AD6-A5B8-82230A716E48}.Release|Any CPU.ActiveCfg = Release|Any CPU
		{63DAF7CD-9820-4AD6-A5B8-82230A716E48}.Release|Any CPU.Build.0 = Release|Any CPU
	EndGlobalSection
	GlobalSection(SolutionProperties) = preSolution
		HideSolutionNode = FALSE
	EndGlobalSection
	GlobalSection(ExtensibilityGlobals) = postSolution
		SolutionGuid = {0DF8E5FE-E338-4B0A-B016-C38034E9B2B3}
	EndGlobalSection
EndGlobal
